
Microsoft Visual Studio Solution File, Format Version 12.00
# Visual Studio Version 16
VisualStudioVersion = 16.0.31702.278
MinimumVisualStudioVersion = 10.0.40219.1
Project("{9A19103F-16F7-4668-BE54-9A1E7A4F7556}") = "WarehouseAPI.DataAccess", "WarehouseAPI.DataAcess\WarehouseAPI.DataAccess.csproj", "{A658DDAF-5216-4B85-84A2-12E6DF67949F}"
EndProject
Project("{9A19103F-16F7-4668-BE54-9A1E7A4F7556}") = "WarehouseAPI.Business", "WarehouseAPI.Business\WarehouseAPI.Business.csproj", "{DE640868-6062-4181-B629-F4FD33889FF9}"
EndProject
Project("{9A19103F-16F7-4668-BE54-9A1E7A4F7556}") = "WarehouseAPI.Web", "WarehouseAPI.Web\WarehouseAPI.Web.csproj", "{E5D9AFFC-7595-4A70-BB94-7F026B918800}"
EndProject
Global
	GlobalSection(SolutionConfigurationPlatforms) = preSolution
		Debug|Any CPU = Debug|Any CPU
		Release|Any CPU = Release|Any CPU
	EndGlobalSection
	GlobalSection(ProjectConfigurationPlatforms) = postSolution
		{A658DDAF-5216-4B85-84A2-12E6DF67949F}.Debug|Any CPU.ActiveCfg = Debug|Any CPU
		{A658DDAF-5216-4B85-84A2-12E6DF67949F}.Debug|Any CPU.Build.0 = Debug|Any CPU
		{A658DDAF-5216-4B85-84A2-12E6DF67949F}.Release|Any CPU.ActiveCfg = Release|Any CPU
		{A658DDAF-5216-4B85-84A2-12E6DF67949F}.Release|Any CPU.Build.0 = Release|Any CPU
		{DE640868-6062-4181-B629-F4FD33889FF9}.Debug|Any CPU.ActiveCfg = Debug|Any CPU
		{DE640868-6062-4181-B629-F4FD33889FF9}.Debug|Any CPU.Build.0 = Debug|Any CPU
		{DE640868-6062-4181-B629-F4FD33889FF9}.Release|Any CPU.ActiveCfg = Release|Any CPU
		{DE640868-6062-4181-B629-F4FD33889FF9}.Release|Any CPU.Build.0 = Release|Any CPU
		{E5D9AFFC-7595-4A70-BB94-7F026B918800}.Debug|Any CPU.ActiveCfg = Debug|Any CPU
		{E5D9AFFC-7595-4A70-BB94-7F026B918800}.Debug|Any CPU.Build.0 = Debug|Any CPU
		{E5D9AFFC-7595-4A70-BB94-7F026B918800}.Release|Any CPU.ActiveCfg = Release|Any CPU
		{E5D9AFFC-7595-4A70-BB94-7F026B918800}.Release|Any CPU.Build.0 = Release|Any CPU
	EndGlobalSection
	GlobalSection(SolutionProperties) = preSolution
		HideSolutionNode = FALSE
	EndGlobalSection
	GlobalSection(ExtensibilityGlobals) = postSolution
		SolutionGuid = {866B062C-B317-4EBC-B726-DC331C06E393}
	EndGlobalSection
EndGlobal
